
Microsoft Visual Studio Solution File, Format Version 12.00
Project("{FAE04EC0-301F-11D3-BF4B-00C04F79EFBC}") = "NimbosService", "NimbosService\NimbosService.csproj", "{AF80D1B2-DB6D-43CA-A7FC-EA53F01111EA}"
EndProject
Global
	GlobalSection(SolutionConfigurationPlatforms) = preSolution
		Debug|Any CPU = Debug|Any CPU
		Release|Any CPU = Release|Any CPU
	EndGlobalSection
	GlobalSection(ProjectConfigurationPlatforms) = postSolution
		{AF80D1B2-DB6D-43CA-A7FC-EA53F01111EA}.Debug|Any CPU.ActiveCfg = Debug|Any CPU
		{AF80D1B2-DB6D-43CA-A7FC-EA53F01111EA}.Debug|Any CPU.Build.0 = Debug|Any CPU
		{AF80D1B2-DB6D-43CA-A7FC-EA53F01111EA}.Release|Any CPU.ActiveCfg = Release|Any CPU
		{AF80D1B2-DB6D-43CA-A7FC-EA53F01111EA}.Release|Any CPU.Build.0 = Release|Any CPU
	EndGlobalSection
EndGlobal
